%{
  "dbus": {:hex, :dbus, "0.8.0", "7c800681f35d909c199265e55a8ee4aea9ebe4acccce77a0740f89f29cc57648", [:make], [], "hexpm", "a9784f2d9717ffa1f74169144a226c39633ac0d9c7fe8cb3594aeb89c827cca5"},
  "dialyxir": {:hex, :dialyxir, "1.1.0", "c5aab0d6e71e5522e77beff7ba9e08f8e02bad90dfbeffae60eaf0cb47e29488", [:mix], [{:erlex, ">= 0.2.6", [hex: :erlex, repo: "hexpm", optional: false]}], "hexpm", "07ea8e49c45f15264ebe6d5b93799d4dd56a44036cf42d0ad9c960bc266c0b9a"},
  "erlex": {:hex, :erlex, "0.2.9", "7debbbaa9f4f368b8cd648983e0f1d7963028508e9c59e9d4ed504e94ef52a55", [:mix], [], "hexpm", "8cfffc0ec7159e6d73de2ab28a588064de80f88b2798d5cbe4482cbbc200178b"},
  "saxy": {:hex, :saxy, "1.6.1", "742eff28f553c066d0b54e84662dbf384a1d1f38595472ed15f6e0a33038bbe1", [:mix], [], "hexpm", "8989d504424ba29460a61950f8968380651413fa05e63b6118084db057da1a6b"},
}
